# This file was autogenerated by Stack.
# You should not edit this file by hand.
# For more information, please see the documentation at:
#   https://docs.haskellstack.org/en/stable/topics/lock_files

packages:
- completed:
    hackage: template-0.2.0.10@sha256:39fc7fdb2ffdf7354ba2a61807c6581ea7822f08c852e6dd2853cdaa05192696,1054
    pantry-tree:
      sha256: 432e78b6ec820d5126cd2d7d31107b0df8e09de3b33bdd19135ca71f63c9ed8b
      size: 340
  original:
    hackage: template-0.2.0.10
snapshots:
- completed:
    sha256: 7d4b649cf368f9076d8aa049aa44efe58950971d105892734e9957b2a26a2186
    size: 640060
    url: https://raw.githubusercontent.com/commercialhaskell/stackage-snapshots/master/lts/21/21.yaml
  original: lts-21.21
