# This file was autogenerated by Stack.
# You should not edit this file by hand.
# For more information, please see the documentation at:
#   https://docs.haskellstack.org/en/stable/topics/lock_files

packages:
- completed:
    hackage: rest-rewrite-0.4.1@sha256:1254960c0a595cf4c9d5a3b986f42644407c63c74578d75b3568a6a12e5143f0,3886
    pantry-tree:
      sha256: 17b4e99420cc1929e2b7d29558a0f909d6fcabd263fbc590dbf2585f893f5a6e
      size: 4018
  original:
    hackage: rest-rewrite-0.4.1
- completed:
    hackage: smtlib-backends-0.3@sha256:a947aead99f6a314833bddca9b502d5faea8d3bd2fc76ffb53c34d5c5b7557bc,1211
    pantry-tree:
      sha256: 97b88a647ac996808a93b2eab62e9e8574d9b9a451ee37a9103e209b63be012d
      size: 275
  original:
    hackage: smtlib-backends-0.3
- completed:
    hackage: smtlib-backends-process-0.3@sha256:bb730a55c5974eeb24112b560d30c49d518d6de45148723435219baa269f8b5e,1676
    pantry-tree:
      sha256: 789e2f5fc72fedad8dd6880319803120ad0cd712c2a44faaff321cb4d50620c3
      size: 461
  original:
    hackage: smtlib-backends-process-0.3
- completed:
    commit: 89d4ec273372510c9092a06b7b21b671c5733731
    git: https://github.com/ucsd-progsys/liquidhaskell
    name: liquidhaskell
    pantry-tree:
      sha256: 367cbaf5f1d4298ccf0877d6f807b879a84e3e6403c01b34cb7993b0cd933d26
      size: 292204
    subdir: .
    version: 0.9.2.5.0
  original:
    commit: 89d4ec273372510c9092a06b7b21b671c5733731
    git: https://github.com/ucsd-progsys/liquidhaskell
    subdir: .
- completed:
    commit: 89d4ec273372510c9092a06b7b21b671c5733731
    git: https://github.com/ucsd-progsys/liquidhaskell
    name: liquidhaskell-boot
    pantry-tree:
      sha256: 15267a4a6b0d7fb88ff25d9fbf778dca136372ba8ce6e0c6c35b3a5d6f71873c
      size: 8233
    subdir: liquidhaskell-boot
    version: 0.9.2.5.0
  original:
    commit: 89d4ec273372510c9092a06b7b21b671c5733731
    git: https://github.com/ucsd-progsys/liquidhaskell
    subdir: liquidhaskell-boot
- completed:
    commit: 89d4ec273372510c9092a06b7b21b671c5733731
    git: https://github.com/ucsd-progsys/liquidhaskell
    name: liquid-prelude
    pantry-tree:
      sha256: 1080c5bc3cb41d77e52de7dabc5b3820c96c27c24ef42812e2637ccc50f36ede
      size: 942
    subdir: liquid-prelude
    version: 0.9.0.2
  original:
    commit: 89d4ec273372510c9092a06b7b21b671c5733731
    git: https://github.com/ucsd-progsys/liquidhaskell
    subdir: liquid-prelude
- completed:
    commit: 89d4ec273372510c9092a06b7b21b671c5733731
    git: https://github.com/ucsd-progsys/liquidhaskell
    name: liquid-vector
    pantry-tree:
      sha256: 86d6aff9ad037de578e5f9c3d759cef09bdad86ef0a06052dc3c042939a945c3
      size: 231
    subdir: liquid-vector
    version: 0.12.3.1
  original:
    commit: 89d4ec273372510c9092a06b7b21b671c5733731
    git: https://github.com/ucsd-progsys/liquidhaskell
    subdir: liquid-vector
- completed:
    commit: 1aab5d84e3dd96f3052dd27b92316cbb5254def1
    git: https://github.com/ucsd-progsys/liquid-fixpoint
    name: liquid-fixpoint
    pantry-tree:
      sha256: 0d27d4607debf382d8038530e4b5a34223eeeec1de61872dee721a9908858fe2
      size: 23531
    version: 0.9.0.2.1
  original:
    commit: 1aab5d84e3dd96f3052dd27b92316cbb5254def1
    git: https://github.com/ucsd-progsys/liquid-fixpoint
snapshots:
- completed:
    sha256: b73b2b116143aea728c70e65c3239188998bac5bc3be56465813dacd74215dc5
    size: 648424
    url: https://raw.githubusercontent.com/commercialhaskell/stackage-snapshots/master/lts/20/1.yaml
  original: lts-20.1
